
Microsoft Visual Studio Solution File, Format Version 12.00
# Visual Studio Version 16
VisualStudioVersion = 16.0.29911.84
MinimumVisualStudioVersion = 10.0.40219.1
Project("{9A19103F-16F7-4668-BE54-9A1E7A4F7556}") = "ShoppingListAPI", "ShoppingListAPI.csproj", "{9EEF7781-65D0-4276-B0CA-68BD0661F1AE}"
EndProject
Project("{9A19103F-16F7-4668-BE54-9A1E7A4F7556}") = "ShoppingListAPI.Tests", "..\ShoppingListAPI.Tests\ShoppingListAPI.Tests.csproj", "{A39D5137-BB32-4763-AB18-7D0A8B4E00F0}"
EndProject
Project("{FAE04EC0-301F-11D3-BF4B-00C04F79EFBC}") = "ShoppingListAPI.Services", "..\ShoppingListAPI.Services\ShoppingListAPI.Services.csproj", "{CCAA54A0-408F-45BA-BCD3-328A92A31548}"
EndProject
Global
	GlobalSection(SolutionConfigurationPlatforms) = preSolution
		Debug|Any CPU = Debug|Any CPU
		Release|Any CPU = Release|Any CPU
	EndGlobalSection
	GlobalSection(ProjectConfigurationPlatforms) = postSolution
		{9EEF7781-65D0-4276-B0CA-68BD0661F1AE}.Debug|Any CPU.ActiveCfg = Debug|Any CPU
		{9EEF7781-65D0-4276-B0CA-68BD0661F1AE}.Debug|Any CPU.Build.0 = Debug|Any CPU
		{9EEF7781-65D0-4276-B0CA-68BD0661F1AE}.Release|Any CPU.ActiveCfg = Release|Any CPU
		{9EEF7781-65D0-4276-B0CA-68BD0661F1AE}.Release|Any CPU.Build.0 = Release|Any CPU
		{A39D5137-BB32-4763-AB18-7D0A8B4E00F0}.Debug|Any CPU.ActiveCfg = Debug|Any CPU
		{A39D5137-BB32-4763-AB18-7D0A8B4E00F0}.Debug|Any CPU.Build.0 = Debug|Any CPU
		{A39D5137-BB32-4763-AB18-7D0A8B4E00F0}.Release|Any CPU.ActiveCfg = Release|Any CPU
		{A39D5137-BB32-4763-AB18-7D0A8B4E00F0}.Release|Any CPU.Build.0 = Release|Any CPU
		{CCAA54A0-408F-45BA-BCD3-328A92A31548}.Debug|Any CPU.ActiveCfg = Debug|Any CPU
		{CCAA54A0-408F-45BA-BCD3-328A92A31548}.Debug|Any CPU.Build.0 = Debug|Any CPU
		{CCAA54A0-408F-45BA-BCD3-328A92A31548}.Release|Any CPU.ActiveCfg = Release|Any CPU
		{CCAA54A0-408F-45BA-BCD3-328A92A31548}.Release|Any CPU.Build.0 = Release|Any CPU
	EndGlobalSection
	GlobalSection(SolutionProperties) = preSolution
		HideSolutionNode = FALSE
	EndGlobalSection
	GlobalSection(ExtensibilityGlobals) = postSolution
		SolutionGuid = {18AE2A96-65BB-402E-9F85-46F7A3A3951D}
	EndGlobalSection
EndGlobal
